// !$*UTF8*$!
{
	archiveVersion = 1;
	classes = {
	};
	objectVersion = 55;
	objects = {

/* Begin PBXBuildFile section */
		0451D742288192210022896D /* Storyboardable.swift in Sources */ = {isa = PBXBuildFile; fileRef = 0451D741288192210022896D /* Storyboardable.swift */; };
		04C152702883DED600B3C958 /* PhotoSearchRepository.swift in Sources */ = {isa = PBXBuildFile; fileRef = 04C1526F2883DED600B3C958 /* PhotoSearchRepository.swift */; };
		04C152722883E74E00B3C958 /* ImageRepository.swift in Sources */ = {isa = PBXBuildFile; fileRef = 04C152712883E74E00B3C958 /* ImageRepository.swift */; };
		04C152742884D7EC00B3C958 /* URLRequest+Extension.swift in Sources */ = {isa = PBXBuildFile; fileRef = 04C152732884D7EC00B3C958 /* URLRequest+Extension.swift */; };
		04C152782884D90000B3C958 /* FakeImageSearchRepository.swift in Sources */ = {isa = PBXBuildFile; fileRef = 04C152772884D90000B3C958 /* FakeImageSearchRepository.swift */; };
		04C1527A2884DB0000B3C958 /* FakeImageRepository.swift in Sources */ = {isa = PBXBuildFile; fileRef = 04C152792884DB0000B3C958 /* FakeImageRepository.swift */; };
		04C1527F2884E32300B3C958 /* PhotoSearchRepositoryTests.swift in Sources */ = {isa = PBXBuildFile; fileRef = 04C1527E2884E32300B3C958 /* PhotoSearchRepositoryTests.swift */; };
		04C152812884E5D700B3C958 /* InvalidSearchResponse.json in Resources */ = {isa = PBXBuildFile; fileRef = 04C152802884E5D700B3C958 /* InvalidSearchResponse.json */; };
		04C152832884E7F200B3C958 /* ImageRepositoryTests.swift in Sources */ = {isa = PBXBuildFile; fileRef = 04C152822884E7F200B3C958 /* ImageRepositoryTests.swift */; };
		04C152852884EE9600B3C958 /* ServiceError.swift in Sources */ = {isa = PBXBuildFile; fileRef = 04C152842884EE9600B3C958 /* ServiceError.swift */; };
		04C152882884EFDB00B3C958 /* NetworkManagerTests.swift in Sources */ = {isa = PBXBuildFile; fileRef = 04C152872884EFDB00B3C958 /* NetworkManagerTests.swift */; };
		04C1528B2884FB4F00B3C958 /* MockUrlSession.swift in Sources */ = {isa = PBXBuildFile; fileRef = 04C1528A2884FB4F00B3C958 /* MockUrlSession.swift */; };
		04C1528F2884FC0100B3C958 /* Localizable.strings in Resources */ = {isa = PBXBuildFile; fileRef = 04C152912884FC0100B3C958 /* Localizable.strings */; };
		8415A5F0281AB832002E0631 /* AppDelegate.swift in Sources */ = {isa = PBXBuildFile; fileRef = 8415A5EF281AB832002E0631 /* AppDelegate.swift */; };
		8415A5F2281AB832002E0631 /* SceneDelegate.swift in Sources */ = {isa = PBXBuildFile; fileRef = 8415A5F1281AB832002E0631 /* SceneDelegate.swift */; };
		8415A5F4281AB832002E0631 /* ImageSearchViewController.swift in Sources */ = {isa = PBXBuildFile; fileRef = 8415A5F3281AB832002E0631 /* ImageSearchViewController.swift */; };
		8415A5F7281AB832002E0631 /* Main.storyboard in Resources */ = {isa = PBXBuildFile; fileRef = 8415A5F5281AB832002E0631 /* Main.storyboard */; };
		8415A5F9281AB834002E0631 /* Assets.xcassets in Resources */ = {isa = PBXBuildFile; fileRef = 8415A5F8281AB834002E0631 /* Assets.xcassets */; };
		8415A5FC281AB834002E0631 /* LaunchScreen.storyboard in Resources */ = {isa = PBXBuildFile; fileRef = 8415A5FA281AB834002E0631 /* LaunchScreen.storyboard */; };
		8415A607281AB835002E0631 /* ImageSearchViewModelTests.swift in Sources */ = {isa = PBXBuildFile; fileRef = 8415A606281AB835002E0631 /* ImageSearchViewModelTests.swift */; };
		8415A611281AB835002E0631 /* ImageGalleryUITests.swift in Sources */ = {isa = PBXBuildFile; fileRef = 8415A610281AB835002E0631 /* ImageGalleryUITests.swift */; };
		8415A613281AB835002E0631 /* ImageGalleryUITestsLaunchTests.swift in Sources */ = {isa = PBXBuildFile; fileRef = 8415A612281AB835002E0631 /* ImageGalleryUITestsLaunchTests.swift */; };
		8415A626281ABB72002E0631 /* PhotoRecord.swift in Sources */ = {isa = PBXBuildFile; fileRef = 8415A625281ABB72002E0631 /* PhotoRecord.swift */; };
		8415A628281ACADC002E0631 /* NetworkManager.swift in Sources */ = {isa = PBXBuildFile; fileRef = 8415A627281ACADC002E0631 /* NetworkManager.swift */; };
		8415A62A281ACBAF002E0631 /* Request.swift in Sources */ = {isa = PBXBuildFile; fileRef = 8415A629281ACBAF002E0631 /* Request.swift */; };
		8415A62C281ACC3E002E0631 /* APIURLs.swift in Sources */ = {isa = PBXBuildFile; fileRef = 8415A62B281ACC3E002E0631 /* APIURLs.swift */; };
		8415A631281ACD51002E0631 /* ImageResponseDTO.swift in Sources */ = {isa = PBXBuildFile; fileRef = 8415A630281ACD51002E0631 /* ImageResponseDTO.swift */; };
		8415A636281AD1BC002E0631 /* ImageDetailCollectionViewCell.swift in Sources */ = {isa = PBXBuildFile; fileRef = 8415A635281AD1BC002E0631 /* ImageDetailCollectionViewCell.swift */; };
		8415A639281AD2DB002E0631 /* ViewState.swift in Sources */ = {isa = PBXBuildFile; fileRef = 8415A638281AD2DB002E0631 /* ViewState.swift */; };
		8415A63B281AD304002E0631 /* ImageSearchViewModel.swift in Sources */ = {isa = PBXBuildFile; fileRef = 8415A63A281AD304002E0631 /* ImageSearchViewModel.swift */; };
		8415A63F281AD982002E0631 /* APISuccessResponce.json in Resources */ = {isa = PBXBuildFile; fileRef = 8415A63E281AD982002E0631 /* APISuccessResponce.json */; };
		8415A641281AD9B9002E0631 /* MockNetworkManager.swift in Sources */ = {isa = PBXBuildFile; fileRef = 8415A640281AD9B9002E0631 /* MockNetworkManager.swift */; };
		8424E186281C1A62008FBF03 /* MainCoordinator.swift in Sources */ = {isa = PBXBuildFile; fileRef = 8424E185281C1A62008FBF03 /* MainCoordinator.swift */; };
/* End PBXBuildFile section */

/* Begin PBXContainerItemProxy section */
		8415A603281AB835002E0631 /* PBXContainerItemProxy */ = {
			isa = PBXContainerItemProxy;
			containerPortal = 8415A5E4281AB832002E0631 /* Project object */;
			proxyType = 1;
			remoteGlobalIDString = 8415A5EB281AB832002E0631;
			remoteInfo = ImageGallery;
		};
		8415A60D281AB835002E0631 /* PBXContainerItemProxy */ = {
			isa = PBXContainerItemProxy;
			containerPortal = 8415A5E4281AB832002E0631 /* Project object */;
			proxyType = 1;
			remoteGlobalIDString = 8415A5EB281AB832002E0631;
			remoteInfo = ImageGallery;
		};
/* End PBXContainerItemProxy section */

/* Begin PBXFileReference section */
		0451D741288192210022896D /* Storyboardable.swift */ = {isa = PBXFileReference; lastKnownFileType = sourcecode.swift; path = Storyboardable.swift; sourceTree = "<group>"; };
		04C1526F2883DED600B3C958 /* PhotoSearchRepository.swift */ = {isa = PBXFileReference; lastKnownFileType = sourcecode.swift; path = PhotoSearchRepository.swift; sourceTree = "<group>"; };
		04C152712883E74E00B3C958 /* ImageRepository.swift */ = {isa = PBXFileReference; lastKnownFileType = sourcecode.swift; path = ImageRepository.swift; sourceTree = "<group>"; };
		04C152732884D7EC00B3C958 /* URLRequest+Extension.swift */ = {isa = PBXFileReference; lastKnownFileType = sourcecode.swift; path = "URLRequest+Extension.swift"; sourceTree = "<group>"; };
		04C152772884D90000B3C958 /* FakeImageSearchRepository.swift */ = {isa = PBXFileReference; lastKnownFileType = sourcecode.swift; path = FakeImageSearchRepository.swift; sourceTree = "<group>"; };
		04C152792884DB0000B3C958 /* FakeImageRepository.swift */ = {isa = PBXFileReference; lastKnownFileType = sourcecode.swift; path = FakeImageRepository.swift; sourceTree = "<group>"; };
		04C1527E2884E32300B3C958 /* PhotoSearchRepositoryTests.swift */ = {isa = PBXFileReference; lastKnownFileType = sourcecode.swift; path = PhotoSearchRepositoryTests.swift; sourceTree = "<group>"; };
		04C152802884E5D700B3C958 /* InvalidSearchResponse.json */ = {isa = PBXFileReference; lastKnownFileType = text.json; path = InvalidSearchResponse.json; sourceTree = "<group>"; };
		04C152822884E7F200B3C958 /* ImageRepositoryTests.swift */ = {isa = PBXFileReference; lastKnownFileType = sourcecode.swift; path = ImageRepositoryTests.swift; sourceTree = "<group>"; };
		04C152842884EE9600B3C958 /* ServiceError.swift */ = {isa = PBXFileReference; lastKnownFileType = sourcecode.swift; path = ServiceError.swift; sourceTree = "<group>"; };
		04C152872884EFDB00B3C958 /* NetworkManagerTests.swift */ = {isa = PBXFileReference; lastKnownFileType = sourcecode.swift; path = NetworkManagerTests.swift; sourceTree = "<group>"; };
		04C1528A2884FB4F00B3C958 /* MockUrlSession.swift */ = {isa = PBXFileReference; lastKnownFileType = sourcecode.swift; path = MockUrlSession.swift; sourceTree = "<group>"; };
		04C152902884FC0100B3C958 /* en */ = {isa = PBXFileReference; lastKnownFileType = text.plist.strings; name = en; path = en.lproj/Localizable.strings; sourceTree = "<group>"; };
		8415A5EC281AB832002E0631 /* ImageGallery.app */ = {isa = PBXFileReference; explicitFileType = wrapper.application; includeInIndex = 0; path = ImageGallery.app; sourceTree = BUILT_PRODUCTS_DIR; };
		8415A5EF281AB832002E0631 /* AppDelegate.swift */ = {isa = PBXFileReference; lastKnownFileType = sourcecode.swift; path = AppDelegate.swift; sourceTree = "<group>"; };
		8415A5F1281AB832002E0631 /* SceneDelegate.swift */ = {isa = PBXFileReference; lastKnownFileType = sourcecode.swift; path = SceneDelegate.swift; sourceTree = "<group>"; };
		8415A5F3281AB832002E0631 /* ImageSearchViewController.swift */ = {isa = PBXFileReference; lastKnownFileType = sourcecode.swift; path = ImageSearchViewController.swift; sourceTree = "<group>"; };
		8415A5F6281AB832002E0631 /* Base */ = {isa = PBXFileReference; lastKnownFileType = file.storyboard; name = Base; path = Base.lproj/Main.storyboard; sourceTree = "<group>"; };
		8415A5F8281AB834002E0631 /* Assets.xcassets */ = {isa = PBXFileReference; lastKnownFileType = folder.assetcatalog; path = Assets.xcassets; sourceTree = "<group>"; };
		8415A5FB281AB834002E0631 /* Base */ = {isa = PBXFileReference; lastKnownFileType = file.storyboard; name = Base; path = Base.lproj/LaunchScreen.storyboard; sourceTree = "<group>"; };
		8415A5FD281AB834002E0631 /* Info.plist */ = {isa = PBXFileReference; lastKnownFileType = text.plist.xml; path = Info.plist; sourceTree = "<group>"; };
		8415A602281AB835002E0631 /* ImageGalleryTests.xctest */ = {isa = PBXFileReference; explicitFileType = wrapper.cfbundle; includeInIndex = 0; path = ImageGalleryTests.xctest; sourceTree = BUILT_PRODUCTS_DIR; };
		8415A606281AB835002E0631 /* ImageSearchViewModelTests.swift */ = {isa = PBXFileReference; lastKnownFileType = sourcecode.swift; path = ImageSearchViewModelTests.swift; sourceTree = "<group>"; };
		8415A60C281AB835002E0631 /* ImageGalleryUITests.xctest */ = {isa = PBXFileReference; explicitFileType = wrapper.cfbundle; includeInIndex = 0; path = ImageGalleryUITests.xctest; sourceTree = BUILT_PRODUCTS_DIR; };
		8415A610281AB835002E0631 /* ImageGalleryUITests.swift */ = {isa = PBXFileReference; lastKnownFileType = sourcecode.swift; path = ImageGalleryUITests.swift; sourceTree = "<group>"; };
		8415A612281AB835002E0631 /* ImageGalleryUITestsLaunchTests.swift */ = {isa = PBXFileReference; lastKnownFileType = sourcecode.swift; path = ImageGalleryUITestsLaunchTests.swift; sourceTree = "<group>"; };
		8415A625281ABB72002E0631 /* PhotoRecord.swift */ = {isa = PBXFileReference; lastKnownFileType = sourcecode.swift; path = PhotoRecord.swift; sourceTree = "<group>"; };
		8415A627281ACADC002E0631 /* NetworkManager.swift */ = {isa = PBXFileReference; lastKnownFileType = sourcecode.swift; path = NetworkManager.swift; sourceTree = "<group>"; };
		8415A629281ACBAF002E0631 /* Request.swift */ = {isa = PBXFileReference; lastKnownFileType = sourcecode.swift; path = Request.swift; sourceTree = "<group>"; };
		8415A62B281ACC3E002E0631 /* APIURLs.swift */ = {isa = PBXFileReference; lastKnownFileType = sourcecode.swift; path = APIURLs.swift; sourceTree = "<group>"; };
		8415A630281ACD51002E0631 /* ImageResponseDTO.swift */ = {isa = PBXFileReference; lastKnownFileType = sourcecode.swift; path = ImageResponseDTO.swift; sourceTree = "<group>"; };
		8415A635281AD1BC002E0631 /* ImageDetailCollectionViewCell.swift */ = {isa = PBXFileReference; lastKnownFileType = sourcecode.swift; path = ImageDetailCollectionViewCell.swift; sourceTree = "<group>"; };
		8415A638281AD2DB002E0631 /* ViewState.swift */ = {isa = PBXFileReference; lastKnownFileType = sourcecode.swift; path = ViewState.swift; sourceTree = "<group>"; };
		8415A63A281AD304002E0631 /* ImageSearchViewModel.swift */ = {isa = PBXFileReference; lastKnownFileType = sourcecode.swift; path = ImageSearchViewModel.swift; sourceTree = "<group>"; };
		8415A63E281AD982002E0631 /* APISuccessResponce.json */ = {isa = PBXFileReference; lastKnownFileType = text.json; path = APISuccessResponce.json; sourceTree = "<group>"; };
		8415A640281AD9B9002E0631 /* MockNetworkManager.swift */ = {isa = PBXFileReference; lastKnownFileType = sourcecode.swift; path = MockNetworkManager.swift; sourceTree = "<group>"; };
		8424E185281C1A62008FBF03 /* MainCoordinator.swift */ = {isa = PBXFileReference; lastKnownFileType = sourcecode.swift; path = MainCoordinator.swift; sourceTree = "<group>"; };
/* End PBXFileReference section */

/* Begin PBXFrameworksBuildPhase section */
		8415A5E9281AB832002E0631 /* Frameworks */ = {
			isa = PBXFrameworksBuildPhase;
			buildActionMask = 2147483647;
			files = (
			);
			runOnlyForDeploymentPostprocessing = 0;
		};
		8415A5FF281AB835002E0631 /* Frameworks */ = {
			isa = PBXFrameworksBuildPhase;
			buildActionMask = 2147483647;
			files = (
			);
			runOnlyForDeploymentPostprocessing = 0;
		};
		8415A609281AB835002E0631 /* Frameworks */ = {
			isa = PBXFrameworksBuildPhase;
			buildActionMask = 2147483647;
			files = (
			);
			runOnlyForDeploymentPostprocessing = 0;
		};
/* End PBXFrameworksBuildPhase section */

/* Begin PBXGroup section */
		0451D740288192110022896D /* Utility */ = {
			isa = PBXGroup;
			children = (
				0451D741288192210022896D /* Storyboardable.swift */,
			);
			path = Utility;
			sourceTree = "<group>";
		};
		04C1526E2883DEA400B3C958 /* Repository */ = {
			isa = PBXGroup;
			children = (
				8415A625281ABB72002E0631 /* PhotoRecord.swift */,
				04C1526F2883DED600B3C958 /* PhotoSearchRepository.swift */,
				04C152712883E74E00B3C958 /* ImageRepository.swift */,
			);
			path = Repository;
			sourceTree = "<group>";
		};
		04C152752884D89200B3C958 /* ViewModel */ = {
			isa = PBXGroup;
			children = (
				04C152762884D8E500B3C958 /* Fakes */,
				8415A606281AB835002E0631 /* ImageSearchViewModelTests.swift */,
			);
			path = ViewModel;
			sourceTree = "<group>";
		};
		04C152762884D8E500B3C958 /* Fakes */ = {
			isa = PBXGroup;
			children = (
				04C152772884D90000B3C958 /* FakeImageSearchRepository.swift */,
				04C152792884DB0000B3C958 /* FakeImageRepository.swift */,
			);
			path = Fakes;
			sourceTree = "<group>";
		};
		04C1527B2884E25E00B3C958 /* Repository */ = {
			isa = PBXGroup;
			children = (
				04C1527D2884E28C00B3C958 /* Json */,
				04C1527C2884E27D00B3C958 /* Mock */,
				04C1527E2884E32300B3C958 /* PhotoSearchRepositoryTests.swift */,
				04C152822884E7F200B3C958 /* ImageRepositoryTests.swift */,
			);
			path = Repository;
			sourceTree = "<group>";
		};
		04C1527C2884E27D00B3C958 /* Mock */ = {
			isa = PBXGroup;
			children = (
				8415A640281AD9B9002E0631 /* MockNetworkManager.swift */,
			);
			path = Mock;
			sourceTree = "<group>";
		};
		04C1527D2884E28C00B3C958 /* Json */ = {
			isa = PBXGroup;
			children = (
				8415A63E281AD982002E0631 /* APISuccessResponce.json */,
				04C152802884E5D700B3C958 /* InvalidSearchResponse.json */,
			);
			path = Json;
			sourceTree = "<group>";
		};
		04C152862884EF7200B3C958 /* Service */ = {
			isa = PBXGroup;
			children = (
				04C152892884FB3A00B3C958 /* Mock */,
				04C152872884EFDB00B3C958 /* NetworkManagerTests.swift */,
			);
			path = Service;
			sourceTree = "<group>";
		};
		04C152892884FB3A00B3C958 /* Mock */ = {
			isa = PBXGroup;
			children = (
				04C1528A2884FB4F00B3C958 /* MockUrlSession.swift */,
			);
			path = Mock;
			sourceTree = "<group>";
		};
		04C1528C2884FBE600B3C958 /* Localization */ = {
			isa = PBXGroup;
			children = (
				04C152912884FC0100B3C958 /* Localizable.strings */,
			);
			path = Localization;
			sourceTree = "<group>";
		};
		8415A5E3281AB832002E0631 = {
			isa = PBXGroup;
			children = (
				8415A5EE281AB832002E0631 /* ImageGallery */,
				8415A605281AB835002E0631 /* ImageGalleryTests */,
				8415A60F281AB835002E0631 /* ImageGalleryUITests */,
				8415A5ED281AB832002E0631 /* Products */,
			);
			sourceTree = "<group>";
		};
		8415A5ED281AB832002E0631 /* Products */ = {
			isa = PBXGroup;
			children = (
				8415A5EC281AB832002E0631 /* ImageGallery.app */,
				8415A602281AB835002E0631 /* ImageGalleryTests.xctest */,
				8415A60C281AB835002E0631 /* ImageGalleryUITests.xctest */,
			);
			name = Products;
			sourceTree = "<group>";
		};
		8415A5EE281AB832002E0631 /* ImageGallery */ = {
			isa = PBXGroup;
			children = (
				04C1528C2884FBE600B3C958 /* Localization */,
				0451D740288192110022896D /* Utility */,
				8424E184281C1A42008FBF03 /* Coordinator */,
				04C1526E2883DEA400B3C958 /* Repository */,
				8415A637281AD2B4002E0631 /* ViewModel */,
				8415A634281AD147002E0631 /* View */,
				8415A62D281ACCE9002E0631 /* Model */,
				8415A623281ABAF1002E0631 /* Service */,
				8415A5EF281AB832002E0631 /* AppDelegate.swift */,
				8415A5F1281AB832002E0631 /* SceneDelegate.swift */,
				8415A5F8281AB834002E0631 /* Assets.xcassets */,
				8415A5FA281AB834002E0631 /* LaunchScreen.storyboard */,
				8415A5FD281AB834002E0631 /* Info.plist */,
			);
			path = ImageGallery;
			sourceTree = "<group>";
		};
		8415A605281AB835002E0631 /* ImageGalleryTests */ = {
			isa = PBXGroup;
			children = (
				04C1527B2884E25E00B3C958 /* Repository */,
				04C152752884D89200B3C958 /* ViewModel */,
				04C152862884EF7200B3C958 /* Service */,
			);
			path = ImageGalleryTests;
			sourceTree = "<group>";
		};
		8415A60F281AB835002E0631 /* ImageGalleryUITests */ = {
			isa = PBXGroup;
			children = (
				8415A610281AB835002E0631 /* ImageGalleryUITests.swift */,
				8415A612281AB835002E0631 /* ImageGalleryUITestsLaunchTests.swift */,
			);
			path = ImageGalleryUITests;
			sourceTree = "<group>";
		};
		8415A623281ABAF1002E0631 /* Service */ = {
			isa = PBXGroup;
			children = (
				8415A627281ACADC002E0631 /* NetworkManager.swift */,
				8415A629281ACBAF002E0631 /* Request.swift */,
				8415A62B281ACC3E002E0631 /* APIURLs.swift */,
				04C152732884D7EC00B3C958 /* URLRequest+Extension.swift */,
				04C152842884EE9600B3C958 /* ServiceError.swift */,
			);
			path = Service;
			sourceTree = "<group>";
		};
		8415A62D281ACCE9002E0631 /* Model */ = {
			isa = PBXGroup;
			children = (
				8415A630281ACD51002E0631 /* ImageResponseDTO.swift */,
			);
			path = Model;
			sourceTree = "<group>";
		};
		8415A634281AD147002E0631 /* View */ = {
			isa = PBXGroup;
			children = (
				8415A5F5281AB832002E0631 /* Main.storyboard */,
				8415A5F3281AB832002E0631 /* ImageSearchViewController.swift */,
				8415A635281AD1BC002E0631 /* ImageDetailCollectionViewCell.swift */,
				8415A638281AD2DB002E0631 /* ViewState.swift */,
			);
			path = View;
			sourceTree = "<group>";
		};
		8415A637281AD2B4002E0631 /* ViewModel */ = {
			isa = PBXGroup;
			children = (
				8415A63A281AD304002E0631 /* ImageSearchViewModel.swift */,
			);
			path = ViewModel;
			sourceTree = "<group>";
		};
		8424E184281C1A42008FBF03 /* Coordinator */ = {
			isa = PBXGroup;
			children = (
				8424E185281C1A62008FBF03 /* MainCoordinator.swift */,
			);
			path = Coordinator;
			sourceTree = "<group>";
		};
/* End PBXGroup section */

/* Begin PBXNativeTarget section */
		8415A5EB281AB832002E0631 /* ImageGallery */ = {
			isa = PBXNativeTarget;
			buildConfigurationList = 8415A616281AB835002E0631 /* Build configuration list for PBXNativeTarget "ImageGallery" */;
			buildPhases = (
				8415A5E8281AB832002E0631 /* Sources */,
				8415A5E9281AB832002E0631 /* Frameworks */,
				8415A5EA281AB832002E0631 /* Resources */,
			);
			buildRules = (
			);
			dependencies = (
			);
			name = ImageGallery;
			productName = ImageGallery;
			productReference = 8415A5EC281AB832002E0631 /* ImageGallery.app */;
			productType = "com.apple.product-type.application";
		};
		8415A601281AB835002E0631 /* ImageGalleryTests */ = {
			isa = PBXNativeTarget;
			buildConfigurationList = 8415A619281AB835002E0631 /* Build configuration list for PBXNativeTarget "ImageGalleryTests" */;
			buildPhases = (
				8415A5FE281AB835002E0631 /* Sources */,
				8415A5FF281AB835002E0631 /* Frameworks */,
				8415A600281AB835002E0631 /* Resources */,
			);
			buildRules = (
			);
			dependencies = (
				8415A604281AB835002E0631 /* PBXTargetDependency */,
			);
			name = ImageGalleryTests;
			productName = ImageGalleryTests;
			productReference = 8415A602281AB835002E0631 /* ImageGalleryTests.xctest */;
			productType = "com.apple.product-type.bundle.unit-test";
		};
		8415A60B281AB835002E0631 /* ImageGalleryUITests */ = {
			isa = PBXNativeTarget;
			buildConfigurationList = 8415A61C281AB835002E0631 /* Build configuration list for PBXNativeTarget "ImageGalleryUITests" */;
			buildPhases = (
				8415A608281AB835002E0631 /* Sources */,
				8415A609281AB835002E0631 /* Frameworks */,
				8415A60A281AB835002E0631 /* Resources */,
			);
			buildRules = (
			);
			dependencies = (
				8415A60E281AB835002E0631 /* PBXTargetDependency */,
			);
			name = ImageGalleryUITests;
			productName = ImageGalleryUITests;
			productReference = 8415A60C281AB835002E0631 /* ImageGalleryUITests.xctest */;
			productType = "com.apple.product-type.bundle.ui-testing";
		};
/* End PBXNativeTarget section */

/* Begin PBXProject section */
		8415A5E4281AB832002E0631 /* Project object */ = {
			isa = PBXProject;
			attributes = {
				BuildIndependentTargetsInParallel = 1;
				LastSwiftUpdateCheck = 1330;
				LastUpgradeCheck = 1330;
				TargetAttributes = {
					8415A5EB281AB832002E0631 = {
						CreatedOnToolsVersion = 13.3;
					};
					8415A601281AB835002E0631 = {
						CreatedOnToolsVersion = 13.3;
						TestTargetID = 8415A5EB281AB832002E0631;
					};
					8415A60B281AB835002E0631 = {
						CreatedOnToolsVersion = 13.3;
						TestTargetID = 8415A5EB281AB832002E0631;
					};
				};
			};
			buildConfigurationList = 8415A5E7281AB832002E0631 /* Build configuration list for PBXProject "ImageGallery" */;
			compatibilityVersion = "Xcode 13.0";
			developmentRegion = en;
			hasScannedForEncodings = 0;
			knownRegions = (
				en,
				Base,
			);
			mainGroup = 8415A5E3281AB832002E0631;
			productRefGroup = 8415A5ED281AB832002E0631 /* Products */;
			projectDirPath = "";
			projectRoot = "";
			targets = (
				8415A5EB281AB832002E0631 /* ImageGallery */,
				8415A601281AB835002E0631 /* ImageGalleryTests */,
				8415A60B281AB835002E0631 /* ImageGalleryUITests */,
			);
		};
/* End PBXProject section */

/* Begin PBXResourcesBuildPhase section */
		8415A5EA281AB832002E0631 /* Resources */ = {
			isa = PBXResourcesBuildPhase;
			buildActionMask = 2147483647;
			files = (
				8415A5FC281AB834002E0631 /* LaunchScreen.storyboard in Resources */,
				04C1528F2884FC0100B3C958 /* Localizable.strings in Resources */,
				8415A5F9281AB834002E0631 /* Assets.xcassets in Resources */,
				8415A5F7281AB832002E0631 /* Main.storyboard in Resources */,
			);
			runOnlyForDeploymentPostprocessing = 0;
		};
		8415A600281AB835002E0631 /* Resources */ = {
			isa = PBXResourcesBuildPhase;
			buildActionMask = 2147483647;
			files = (
				04C152812884E5D700B3C958 /* InvalidSearchResponse.json in Resources */,
				8415A63F281AD982002E0631 /* APISuccessResponce.json in Resources */,
			);
			runOnlyForDeploymentPostprocessing = 0;
		};
		8415A60A281AB835002E0631 /* Resources */ = {
			isa = PBXResourcesBuildPhase;
			buildActionMask = 2147483647;
			files = (
			);
			runOnlyForDeploymentPostprocessing = 0;
		};
/* End PBXResourcesBuildPhase section */

/* Begin PBXSourcesBuildPhase section */
		8415A5E8281AB832002E0631 /* Sources */ = {
			isa = PBXSourcesBuildPhase;
			buildActionMask = 2147483647;
			files = (
				8415A5F4281AB832002E0631 /* ImageSearchViewController.swift in Sources */,
				8415A62A281ACBAF002E0631 /* Request.swift in Sources */,
				0451D742288192210022896D /* Storyboardable.swift in Sources */,
				04C152722883E74E00B3C958 /* ImageRepository.swift in Sources */,
				8415A5F0281AB832002E0631 /* AppDelegate.swift in Sources */,
				8415A639281AD2DB002E0631 /* ViewState.swift in Sources */,
				8415A628281ACADC002E0631 /* NetworkManager.swift in Sources */,
				8415A631281ACD51002E0631 /* ImageResponseDTO.swift in Sources */,
				04C152852884EE9600B3C958 /* ServiceError.swift in Sources */,
				8415A63B281AD304002E0631 /* ImageSearchViewModel.swift in Sources */,
				04C152742884D7EC00B3C958 /* URLRequest+Extension.swift in Sources */,
				8415A62C281ACC3E002E0631 /* APIURLs.swift in Sources */,
				8415A626281ABB72002E0631 /* PhotoRecord.swift in Sources */,
				8424E186281C1A62008FBF03 /* MainCoordinator.swift in Sources */,
				04C152702883DED600B3C958 /* PhotoSearchRepository.swift in Sources */,
				8415A5F2281AB832002E0631 /* SceneDelegate.swift in Sources */,
				8415A636281AD1BC002E0631 /* ImageDetailCollectionViewCell.swift in Sources */,
			);
			runOnlyForDeploymentPostprocessing = 0;
		};
		8415A5FE281AB835002E0631 /* Sources */ = {
			isa = PBXSourcesBuildPhase;
			buildActionMask = 2147483647;
			files = (
				04C1528B2884FB4F00B3C958 /* MockUrlSession.swift in Sources */,
				8415A641281AD9B9002E0631 /* MockNetworkManager.swift in Sources */,
				04C152832884E7F200B3C958 /* ImageRepositoryTests.swift in Sources */,
				8415A607281AB835002E0631 /* ImageSearchViewModelTests.swift in Sources */,
				04C1527F2884E32300B3C958 /* PhotoSearchRepositoryTests.swift in Sources */,
				04C152882884EFDB00B3C958 /* NetworkManagerTests.swift in Sources */,
				04C1527A2884DB0000B3C958 /* FakeImageRepository.swift in Sources */,
				04C152782884D90000B3C958 /* FakeImageSearchRepository.swift in Sources */,
			);
			runOnlyForDeploymentPostprocessing = 0;
		};
		8415A608281AB835002E0631 /* Sources */ = {
			isa = PBXSourcesBuildPhase;
			buildActionMask = 2147483647;
			files = (
				8415A611281AB835002E0631 /* ImageGalleryUITests.swift in Sources */,
				8415A613281AB835002E0631 /* ImageGalleryUITestsLaunchTests.swift in Sources */,
			);
			runOnlyForDeploymentPostprocessing = 0;
		};
/* End PBXSourcesBuildPhase section */

/* Begin PBXTargetDependency section */
		8415A604281AB835002E0631 /* PBXTargetDependency */ = {
			isa = PBXTargetDependency;
			target = 8415A5EB281AB832002E0631 /* ImageGallery */;
			targetProxy = 8415A603281AB835002E0631 /* PBXContainerItemProxy */;
		};
		8415A60E281AB835002E0631 /* PBXTargetDependency */ = {
			isa = PBXTargetDependency;
			target = 8415A5EB281AB832002E0631 /* ImageGallery */;
			targetProxy = 8415A60D281AB835002E0631 /* PBXContainerItemProxy */;
		};
/* End PBXTargetDependency section */

/* Begin PBXVariantGroup section */
		04C152912884FC0100B3C958 /* Localizable.strings */ = {
			isa = PBXVariantGroup;
			children = (
				04C152902884FC0100B3C958 /* en */,
			);
			name = Localizable.strings;
			sourceTree = "<group>";
		};
		8415A5F5281AB832002E0631 /* Main.storyboard */ = {
			isa = PBXVariantGroup;
			children = (
				8415A5F6281AB832002E0631 /* Base */,
			);
			name = Main.storyboard;
			sourceTree = "<group>";
		};
		8415A5FA281AB834002E0631 /* LaunchScreen.storyboard */ = {
			isa = PBXVariantGroup;
			children = (
				8415A5FB281AB834002E0631 /* Base */,
			);
			name = LaunchScreen.storyboard;
			sourceTree = "<group>";
		};
/* End PBXVariantGroup section */

/* Begin XCBuildConfiguration section */
		8415A614281AB835002E0631 /* Debug */ = {
			isa = XCBuildConfiguration;
			buildSettings = {
				ALWAYS_SEARCH_USER_PATHS = NO;
				CLANG_ANALYZER_NONNULL = YES;
				CLANG_ANALYZER_NUMBER_OBJECT_CONVERSION = YES_AGGRESSIVE;
				CLANG_CXX_LANGUAGE_STANDARD = "gnu++17";
				CLANG_ENABLE_MODULES = YES;
				CLANG_ENABLE_OBJC_ARC = YES;
				CLANG_ENABLE_OBJC_WEAK = YES;
				CLANG_WARN_BLOCK_CAPTURE_AUTORELEASING = YES;
				CLANG_WARN_BOOL_CONVERSION = YES;
				CLANG_WARN_COMMA = YES;
				CLANG_WARN_CONSTANT_CONVERSION = YES;
				CLANG_WARN_DEPRECATED_OBJC_IMPLEMENTATIONS = YES;
				CLANG_WARN_DIRECT_OBJC_ISA_USAGE = YES_ERROR;
				CLANG_WARN_DOCUMENTATION_COMMENTS = YES;
				CLANG_WARN_EMPTY_BODY = YES;
				CLANG_WARN_ENUM_CONVERSION = YES;
				CLANG_WARN_INFINITE_RECURSION = YES;
				CLANG_WARN_INT_CONVERSION = YES;
				CLANG_WARN_NON_LITERAL_NULL_CONVERSION = YES;
				CLANG_WARN_OBJC_IMPLICIT_RETAIN_SELF = YES;
				CLANG_WARN_OBJC_LITERAL_CONVERSION = YES;
				CLANG_WARN_OBJC_ROOT_CLASS = YES_ERROR;
				CLANG_WARN_QUOTED_INCLUDE_IN_FRAMEWORK_HEADER = YES;
				CLANG_WARN_RANGE_LOOP_ANALYSIS = YES;
				CLANG_WARN_STRICT_PROTOTYPES = YES;
				CLANG_WARN_SUSPICIOUS_MOVE = YES;
				CLANG_WARN_UNGUARDED_AVAILABILITY = YES_AGGRESSIVE;
				CLANG_WARN_UNREACHABLE_CODE = YES;
				CLANG_WARN__DUPLICATE_METHOD_MATCH = YES;
				COPY_PHASE_STRIP = NO;
				DEBUG_INFORMATION_FORMAT = dwarf;
				ENABLE_STRICT_OBJC_MSGSEND = YES;
				ENABLE_TESTABILITY = YES;
				GCC_C_LANGUAGE_STANDARD = gnu11;
				GCC_DYNAMIC_NO_PIC = NO;
				GCC_NO_COMMON_BLOCKS = YES;
				GCC_OPTIMIZATION_LEVEL = 0;
				GCC_PREPROCESSOR_DEFINITIONS = (
					"DEBUG=1",
					"$(inherited)",
				);
				GCC_WARN_64_TO_32_BIT_CONVERSION = YES;
				GCC_WARN_ABOUT_RETURN_TYPE = YES_ERROR;
				GCC_WARN_UNDECLARED_SELECTOR = YES;
				GCC_WARN_UNINITIALIZED_AUTOS = YES_AGGRESSIVE;
				GCC_WARN_UNUSED_FUNCTION = YES;
				GCC_WARN_UNUSED_VARIABLE = YES;
				IPHONEOS_DEPLOYMENT_TARGET = 15.0;
				MTL_ENABLE_DEBUG_INFO = INCLUDE_SOURCE;
				MTL_FAST_MATH = YES;
				ONLY_ACTIVE_ARCH = YES;
				SDKROOT = iphoneos;
				SWIFT_ACTIVE_COMPILATION_CONDITIONS = DEBUG;
				SWIFT_OPTIMIZATION_LEVEL = "-Onone";
			};
			name = Debug;
		};
		8415A615281AB835002E0631 /* Release */ = {
			isa = XCBuildConfiguration;
			buildSettings = {
				ALWAYS_SEARCH_USER_PATHS = NO;
				CLANG_ANALYZER_NONNULL = YES;
				CLANG_ANALYZER_NUMBER_OBJECT_CONVERSION = YES_AGGRESSIVE;
				CLANG_CXX_LANGUAGE_STANDARD = "gnu++17";
				CLANG_ENABLE_MODULES = YES;
				CLANG_ENABLE_OBJC_ARC = YES;
				CLANG_ENABLE_OBJC_WEAK = YES;
				CLANG_WARN_BLOCK_CAPTURE_AUTORELEASING = YES;
				CLANG_WARN_BOOL_CONVERSION = YES;
				CLANG_WARN_COMMA = YES;
				CLANG_WARN_CONSTANT_CONVERSION = YES;
				CLANG_WARN_DEPRECATED_OBJC_IMPLEMENTATIONS = YES;
				CLANG_WARN_DIRECT_OBJC_ISA_USAGE = YES_ERROR;
				CLANG_WARN_DOCUMENTATION_COMMENTS = YES;
				CLANG_WARN_EMPTY_BODY = YES;
				CLANG_WARN_ENUM_CONVERSION = YES;
				CLANG_WARN_INFINITE_RECURSION = YES;
				CLANG_WARN_INT_CONVERSION = YES;
				CLANG_WARN_NON_LITERAL_NULL_CONVERSION = YES;
				CLANG_WARN_OBJC_IMPLICIT_RETAIN_SELF = YES;
				CLANG_WARN_OBJC_LITERAL_CONVERSION = YES;
				CLANG_WARN_OBJC_ROOT_CLASS = YES_ERROR;
				CLANG_WARN_QUOTED_INCLUDE_IN_FRAMEWORK_HEADER = YES;
				CLANG_WARN_RANGE_LOOP_ANALYSIS = YES;
				CLANG_WARN_STRICT_PROTOTYPES = YES;
				CLANG_WARN_SUSPICIOUS_MOVE = YES;
				CLANG_WARN_UNGUARDED_AVAILABILITY = YES_AGGRESSIVE;
				CLANG_WARN_UNREACHABLE_CODE = YES;
				CLANG_WARN__DUPLICATE_METHOD_MATCH = YES;
				COPY_PHASE_STRIP = NO;
				DEBUG_INFORMATION_FORMAT = "dwarf-with-dsym";
				ENABLE_NS_ASSERTIONS = NO;
				ENABLE_STRICT_OBJC_MSGSEND = YES;
				GCC_C_LANGUAGE_STANDARD = gnu11;
				GCC_NO_COMMON_BLOCKS = YES;
				GCC_WARN_64_TO_32_BIT_CONVERSION = YES;
				GCC_WARN_ABOUT_RETURN_TYPE = YES_ERROR;
				GCC_WARN_UNDECLARED_SELECTOR = YES;
				GCC_WARN_UNINITIALIZED_AUTOS = YES_AGGRESSIVE;
				GCC_WARN_UNUSED_FUNCTION = YES;
				GCC_WARN_UNUSED_VARIABLE = YES;
				IPHONEOS_DEPLOYMENT_TARGET = 15.0;
				MTL_ENABLE_DEBUG_INFO = NO;
				MTL_FAST_MATH = YES;
				SDKROOT = iphoneos;
				SWIFT_COMPILATION_MODE = wholemodule;
				SWIFT_OPTIMIZATION_LEVEL = "-O";
				VALIDATE_PRODUCT = YES;
			};
			name = Release;
		};
		8415A617281AB835002E0631 /* Debug */ = {
			isa = XCBuildConfiguration;
			buildSettings = {
				ASSETCATALOG_COMPILER_APPICON_NAME = AppIcon;
				ASSETCATALOG_COMPILER_GLOBAL_ACCENT_COLOR_NAME = AccentColor;
				CODE_SIGN_STYLE = Automatic;
				CURRENT_PROJECT_VERSION = 1;
				GENERATE_INFOPLIST_FILE = YES;
				INFOPLIST_FILE = ImageGallery/Info.plist;
				INFOPLIST_KEY_UIApplicationSupportsIndirectInputEvents = YES;
				INFOPLIST_KEY_UILaunchStoryboardName = LaunchScreen;
				INFOPLIST_KEY_UIMainStoryboardFile = Main;
				INFOPLIST_KEY_UISupportedInterfaceOrientations_iPad = "UIInterfaceOrientationPortrait UIInterfaceOrientationPortraitUpsideDown UIInterfaceOrientationLandscapeLeft UIInterfaceOrientationLandscapeRight";
				INFOPLIST_KEY_UISupportedInterfaceOrientations_iPhone = "UIInterfaceOrientationPortrait UIInterfaceOrientationLandscapeLeft UIInterfaceOrientationLandscapeRight";
				IPHONEOS_DEPLOYMENT_TARGET = 15.0;
				LD_RUNPATH_SEARCH_PATHS = (
					"$(inherited)",
					"@executable_path/Frameworks",
				);
				MARKETING_VERSION = 1.0;
				PRODUCT_BUNDLE_IDENTIFIER = "com.-LoginValidationPlay.mac.ImageGallery";
				PRODUCT_NAME = "$(TARGET_NAME)";
				SWIFT_EMIT_LOC_STRINGS = YES;
				SWIFT_VERSION = 5.0;
				TARGETED_DEVICE_FAMILY = "1,2";
			};
			name = Debug;
		};
		8415A618281AB835002E0631 /* Release */ = {
			isa = XCBuildConfiguration;
			buildSettings = {
				ASSETCATALOG_COMPILER_APPICON_NAME = AppIcon;
				ASSETCATALOG_COMPILER_GLOBAL_ACCENT_COLOR_NAME = AccentColor;
				CODE_SIGN_STYLE = Automatic;
				CURRENT_PROJECT_VERSION = 1;
				GENERATE_INFOPLIST_FILE = YES;
				INFOPLIST_FILE = ImageGallery/Info.plist;
				INFOPLIST_KEY_UIApplicationSupportsIndirectInputEvents = YES;
				INFOPLIST_KEY_UILaunchStoryboardName = LaunchScreen;
				INFOPLIST_KEY_UIMainStoryboardFile = Main;
				INFOPLIST_KEY_UISupportedInterfaceOrientations_iPad = "UIInterfaceOrientationPortrait UIInterfaceOrientationPortraitUpsideDown UIInterfaceOrientationLandscapeLeft UIInterfaceOrientationLandscapeRight";
				INFOPLIST_KEY_UISupportedInterfaceOrientations_iPhone = "UIInterfaceOrientationPortrait UIInterfaceOrientationLandscapeLeft UIInterfaceOrientationLandscapeRight";
				IPHONEOS_DEPLOYMENT_TARGET = 15.0;
				LD_RUNPATH_SEARCH_PATHS = (
					"$(inherited)",
					"@executable_path/Frameworks",
				);
				MARKETING_VERSION = 1.0;
				PRODUCT_BUNDLE_IDENTIFIER = "com.-LoginValidationPlay.mac.ImageGallery";
				PRODUCT_NAME = "$(TARGET_NAME)";
				SWIFT_EMIT_LOC_STRINGS = YES;
				SWIFT_VERSION = 5.0;
				TARGETED_DEVICE_FAMILY = "1,2";
			};
			name = Release;
		};
		8415A61A281AB835002E0631 /* Debug */ = {
			isa = XCBuildConfiguration;
			buildSettings = {
				ALWAYS_EMBED_SWIFT_STANDARD_LIBRARIES = YES;
				BUNDLE_LOADER = "$(TEST_HOST)";
				CODE_SIGN_STYLE = Automatic;
				CURRENT_PROJECT_VERSION = 1;
				GENERATE_INFOPLIST_FILE = YES;
				IPHONEOS_DEPLOYMENT_TARGET = 15.4;
				MARKETING_VERSION = 1.0;
				PRODUCT_BUNDLE_IDENTIFIER = "com.-LoginValidationPlay.mac.ImageGalleryTests";
				PRODUCT_NAME = "$(TARGET_NAME)";
				SWIFT_EMIT_LOC_STRINGS = NO;
				SWIFT_VERSION = 5.0;
				TARGETED_DEVICE_FAMILY = "1,2";
				TEST_HOST = "$(BUILT_PRODUCTS_DIR)/ImageGallery.app/ImageGallery";
			};
			name = Debug;
		};
		8415A61B281AB835002E0631 /* Release */ = {
			isa = XCBuildConfiguration;
			buildSettings = {
				ALWAYS_EMBED_SWIFT_STANDARD_LIBRARIES = YES;
				BUNDLE_LOADER = "$(TEST_HOST)";
				CODE_SIGN_STYLE = Automatic;
				CURRENT_PROJECT_VERSION = 1;
				GENERATE_INFOPLIST_FILE = YES;
				IPHONEOS_DEPLOYMENT_TARGET = 15.4;
				MARKETING_VERSION = 1.0;
				PRODUCT_BUNDLE_IDENTIFIER = "com.-LoginValidationPlay.mac.ImageGalleryTests";
				PRODUCT_NAME = "$(TARGET_NAME)";
				SWIFT_EMIT_LOC_STRINGS = NO;
				SWIFT_VERSION = 5.0;
				TARGETED_DEVICE_FAMILY = "1,2";
				TEST_HOST = "$(BUILT_PRODUCTS_DIR)/ImageGallery.app/ImageGallery";
			};
			name = Release;
		};
		8415A61D281AB835002E0631 /* Debug */ = {
			isa = XCBuildConfiguration;
			buildSettings = {
				ALWAYS_EMBED_SWIFT_STANDARD_LIBRARIES = YES;
				CODE_SIGN_STYLE = Automatic;
				CURRENT_PROJECT_VERSION = 1;
				GENERATE_INFOPLIST_FILE = YES;
				MARKETING_VERSION = 1.0;
				PRODUCT_BUNDLE_IDENTIFIER = "com.-LoginValidationPlay.mac.ImageGalleryUITests";
				PRODUCT_NAME = "$(TARGET_NAME)";
				SWIFT_EMIT_LOC_STRINGS = NO;
				SWIFT_VERSION = 5.0;
				TARGETED_DEVICE_FAMILY = "1,2";
				TEST_TARGET_NAME = ImageGallery;
			};
			name = Debug;
		};
		8415A61E281AB835002E0631 /* Release */ = {
			isa = XCBuildConfiguration;
			buildSettings = {
				ALWAYS_EMBED_SWIFT_STANDARD_LIBRARIES = YES;
				CODE_SIGN_STYLE = Automatic;
				CURRENT_PROJECT_VERSION = 1;
				GENERATE_INFOPLIST_FILE = YES;
				MARKETING_VERSION = 1.0;
				PRODUCT_BUNDLE_IDENTIFIER = "com.-LoginValidationPlay.mac.ImageGalleryUITests";
				PRODUCT_NAME = "$(TARGET_NAME)";
				SWIFT_EMIT_LOC_STRINGS = NO;
				SWIFT_VERSION = 5.0;
				TARGETED_DEVICE_FAMILY = "1,2";
				TEST_TARGET_NAME = ImageGallery;
			};
			name = Release;
		};
/* End XCBuildConfiguration section */

/* Begin XCConfigurationList section */
		8415A5E7281AB832002E0631 /* Build configuration list for PBXProject "ImageGallery" */ = {
			isa = XCConfigurationList;
			buildConfigurations = (
				8415A614281AB835002E0631 /* Debug */,
				8415A615281AB835002E0631 /* Release */,
			);
			defaultConfigurationIsVisible = 0;
			defaultConfigurationName = Release;
		};
		8415A616281AB835002E0631 /* Build configuration list for PBXNativeTarget "ImageGallery" */ = {
			isa = XCConfigurationList;
			buildConfigurations = (
				8415A617281AB835002E0631 /* Debug */,
				8415A618281AB835002E0631 /* Release */,
			);
			defaultConfigurationIsVisible = 0;
			defaultConfigurationName = Release;
		};
		8415A619281AB835002E0631 /* Build configuration list for PBXNativeTarget "ImageGalleryTests" */ = {
			isa = XCConfigurationList;
			buildConfigurations = (
				8415A61A281AB835002E0631 /* Debug */,
				8415A61B281AB835002E0631 /* Release */,
			);
			defaultConfigurationIsVisible = 0;
			defaultConfigurationName = Release;
		};
		8415A61C281AB835002E0631 /* Build configuration list for PBXNativeTarget "ImageGalleryUITests" */ = {
			isa = XCConfigurationList;
			buildConfigurations = (
				8415A61D281AB835002E0631 /* Debug */,
				8415A61E281AB835002E0631 /* Release */,
			);
			defaultConfigurationIsVisible = 0;
			defaultConfigurationName = Release;
		};
/* End XCConfigurationList section */
	};
	rootObject = 8415A5E4281AB832002E0631 /* Project object */;
}
